
Microsoft Visual Studio Solution File, Format Version 12.00
# Visual Studio Version 17
VisualStudioVersion = 17.0.32014.148
MinimumVisualStudioVersion = 10.0.40219.1
Project("{FAE04EC0-301F-11D3-BF4B-00C04F79EFBC}") = "WebAssemblyUI", "WebAssemblyUI\WebAssemblyUI.csproj", "{67DB3527-D21D-4D30-9785-2829EE5193E2}"
EndProject
Project("{2150E333-8FDC-42A3-9474-1A3956D46DE8}") = "WebAssembly", "WebAssembly", "{71D64B0D-E936-476B-BB9C-9ED13E6D9F30}"
EndProject
Project("{FAE04EC0-301F-11D3-BF4B-00C04F79EFBC}") = "Common", "Common\Common.csproj", "{7B9A34D9-ECD7-421C-A07E-B870CE253018}"
EndProject
Project("{FAE04EC0-301F-11D3-BF4B-00C04F79EFBC}") = "WebApi", "WebApi\WebApi.csproj", "{91E0CDA2-B6E6-4903-9D91-3C6A7E02E0D6}"
EndProject
Project("{FAE04EC0-301F-11D3-BF4B-00C04F79EFBC}") = "BlazorServer", "BlazorServer\BlazorServer.csproj", "{1EC3D685-BBBD-4438-8689-18C842A79266}"
EndProject
Project("{FAE04EC0-301F-11D3-BF4B-00C04F79EFBC}") = "ComponentTests", "ComponentTests\ComponentTests.csproj", "{4A107773-F3FB-4A1A-A12E-62508DC0906B}"
EndProject
Global
	GlobalSection(SolutionConfigurationPlatforms) = preSolution
		Debug|Any CPU = Debug|Any CPU
		Release|Any CPU = Release|Any CPU
	EndGlobalSection
	GlobalSection(ProjectConfigurationPlatforms) = postSolution
		{67DB3527-D21D-4D30-9785-2829EE5193E2}.Debug|Any CPU.ActiveCfg = Debug|Any CPU
		{67DB3527-D21D-4D30-9785-2829EE5193E2}.Debug|Any CPU.Build.0 = Debug|Any CPU
		{67DB3527-D21D-4D30-9785-2829EE5193E2}.Release|Any CPU.ActiveCfg = Release|Any CPU
		{67DB3527-D21D-4D30-9785-2829EE5193E2}.Release|Any CPU.Build.0 = Release|Any CPU
		{7B9A34D9-ECD7-421C-A07E-B870CE253018}.Debug|Any CPU.ActiveCfg = Debug|Any CPU
		{7B9A34D9-ECD7-421C-A07E-B870CE253018}.Debug|Any CPU.Build.0 = Debug|Any CPU
		{7B9A34D9-ECD7-421C-A07E-B870CE253018}.Release|Any CPU.ActiveCfg = Release|Any CPU
		{7B9A34D9-ECD7-421C-A07E-B870CE253018}.Release|Any CPU.Build.0 = Release|Any CPU
		{91E0CDA2-B6E6-4903-9D91-3C6A7E02E0D6}.Debug|Any CPU.ActiveCfg = Debug|Any CPU
		{91E0CDA2-B6E6-4903-9D91-3C6A7E02E0D6}.Debug|Any CPU.Build.0 = Debug|Any CPU
		{91E0CDA2-B6E6-4903-9D91-3C6A7E02E0D6}.Release|Any CPU.ActiveCfg = Release|Any CPU
		{91E0CDA2-B6E6-4903-9D91-3C6A7E02E0D6}.Release|Any CPU.Build.0 = Release|Any CPU
		{1EC3D685-BBBD-4438-8689-18C842A79266}.Debug|Any CPU.ActiveCfg = Debug|Any CPU
		{1EC3D685-BBBD-4438-8689-18C842A79266}.Debug|Any CPU.Build.0 = Debug|Any CPU
		{1EC3D685-BBBD-4438-8689-18C842A79266}.Release|Any CPU.ActiveCfg = Release|Any CPU
		{1EC3D685-BBBD-4438-8689-18C842A79266}.Release|Any CPU.Build.0 = Release|Any CPU
		{4A107773-F3FB-4A1A-A12E-62508DC0906B}.Debug|Any CPU.ActiveCfg = Debug|Any CPU
		{4A107773-F3FB-4A1A-A12E-62508DC0906B}.Debug|Any CPU.Build.0 = Debug|Any CPU
		{4A107773-F3FB-4A1A-A12E-62508DC0906B}.Release|Any CPU.ActiveCfg = Release|Any CPU
		{4A107773-F3FB-4A1A-A12E-62508DC0906B}.Release|Any CPU.Build.0 = Release|Any CPU
	EndGlobalSection
	GlobalSection(SolutionProperties) = preSolution
		HideSolutionNode = FALSE
	EndGlobalSection
	GlobalSection(NestedProjects) = preSolution
		{67DB3527-D21D-4D30-9785-2829EE5193E2} = {71D64B0D-E936-476B-BB9C-9ED13E6D9F30}
		{7B9A34D9-ECD7-421C-A07E-B870CE253018} = {71D64B0D-E936-476B-BB9C-9ED13E6D9F30}
		{91E0CDA2-B6E6-4903-9D91-3C6A7E02E0D6} = {71D64B0D-E936-476B-BB9C-9ED13E6D9F30}
	EndGlobalSection
	GlobalSection(ExtensibilityGlobals) = postSolution
		SolutionGuid = {1E95005D-1737-46C2-B91E-F7DCA092470E}
	EndGlobalSection
EndGlobal
